
Microsoft Visual Studio Solution File, Format Version 12.00
# Visual Studio 15
VisualStudioVersion = 15.0.28307.779
MinimumVisualStudioVersion = 10.0.40219.1
Project("{FAE04EC0-301F-11D3-BF4B-00C04F79EFBC}") = "GameOfLife", "GameOfLife\GameOfLife.csproj", "{8EAFE072-E914-493A-885D-C149F2AFC76E}"
EndProject
Project("{FAE04EC0-301F-11D3-BF4B-00C04F79EFBC}") = "UnitTests", "UnitTests\UnitTests.csproj", "{10BBC22F-0BB9-4B0E-889E-7A38909D77A5}"
EndProject
Global
	GlobalSection(SolutionConfigurationPlatforms) = preSolution
		Debug|Any CPU = Debug|Any CPU
		Release|Any CPU = Release|Any CPU
	EndGlobalSection
	GlobalSection(ProjectConfigurationPlatforms) = postSolution
		{8EAFE072-E914-493A-885D-C149F2AFC76E}.Debug|Any CPU.ActiveCfg = Debug|Any CPU
		{8EAFE072-E914-493A-885D-C149F2AFC76E}.Debug|Any CPU.Build.0 = Debug|Any CPU
		{8EAFE072-E914-493A-885D-C149F2AFC76E}.Release|Any CPU.ActiveCfg = Release|Any CPU
		{8EAFE072-E914-493A-885D-C149F2AFC76E}.Release|Any CPU.Build.0 = Release|Any CPU
		{10BBC22F-0BB9-4B0E-889E-7A38909D77A5}.Debug|Any CPU.ActiveCfg = Debug|Any CPU
		{10BBC22F-0BB9-4B0E-889E-7A38909D77A5}.Debug|Any CPU.Build.0 = Debug|Any CPU
		{10BBC22F-0BB9-4B0E-889E-7A38909D77A5}.Release|Any CPU.ActiveCfg = Release|Any CPU
		{10BBC22F-0BB9-4B0E-889E-7A38909D77A5}.Release|Any CPU.Build.0 = Release|Any CPU
	EndGlobalSection
	GlobalSection(SolutionProperties) = preSolution
		HideSolutionNode = FALSE
	EndGlobalSection
	GlobalSection(ExtensibilityGlobals) = postSolution
		SolutionGuid = {57D18AAF-CA36-4FDD-A024-CF3E55ADA3F1}
	EndGlobalSection
EndGlobal
