
Microsoft Visual Studio Solution File, Format Version 12.00
# Visual Studio Version 17
VisualStudioVersion = 17.6.33829.357
MinimumVisualStudioVersion = 10.0.40219.1
Project("{FAE04EC0-301F-11D3-BF4B-00C04F79EFBC}") = "GameOfLife.Cl", "GameOfLife.Cl\GameOfLife.Cl.csproj", "{315FFDB2-77F3-4DFC-A2B5-ADCC07831213}"
EndProject
Project("{FAE04EC0-301F-11D3-BF4B-00C04F79EFBC}") = "GameOfLife.Test", "GameOfLife.Test\GameOfLife.Test.csproj", "{919CFD38-BCA9-4A18-8E8D-B9C913E474D4}"
EndProject
Global
	GlobalSection(SolutionConfigurationPlatforms) = preSolution
		Debug|Any CPU = Debug|Any CPU
		Release|Any CPU = Release|Any CPU
	EndGlobalSection
	GlobalSection(ProjectConfigurationPlatforms) = postSolution
		{315FFDB2-77F3-4DFC-A2B5-ADCC07831213}.Debug|Any CPU.ActiveCfg = Debug|Any CPU
		{315FFDB2-77F3-4DFC-A2B5-ADCC07831213}.Debug|Any CPU.Build.0 = Debug|Any CPU
		{315FFDB2-77F3-4DFC-A2B5-ADCC07831213}.Release|Any CPU.ActiveCfg = Release|Any CPU
		{315FFDB2-77F3-4DFC-A2B5-ADCC07831213}.Release|Any CPU.Build.0 = Release|Any CPU
		{919CFD38-BCA9-4A18-8E8D-B9C913E474D4}.Debug|Any CPU.ActiveCfg = Debug|Any CPU
		{919CFD38-BCA9-4A18-8E8D-B9C913E474D4}.Debug|Any CPU.Build.0 = Debug|Any CPU
		{919CFD38-BCA9-4A18-8E8D-B9C913E474D4}.Release|Any CPU.ActiveCfg = Release|Any CPU
		{919CFD38-BCA9-4A18-8E8D-B9C913E474D4}.Release|Any CPU.Build.0 = Release|Any CPU
	EndGlobalSection
	GlobalSection(SolutionProperties) = preSolution
		HideSolutionNode = FALSE
	EndGlobalSection
	GlobalSection(ExtensibilityGlobals) = postSolution
		SolutionGuid = {57D18AAF-CA36-4FDD-A024-CF3E55ADA3F1}
	EndGlobalSection
EndGlobal
